
Microsoft Visual Studio Solution File, Format Version 12.00
# Visual Studio Version 17
VisualStudioVersion = 17.14.36518.9
MinimumVisualStudioVersion = 10.0.40219.1
Project("{FAE04EC0-301F-11D3-BF4B-00C04F79EFBC}") = "ClientManager.API", "ClientManager.API\ClientManager.API.csproj", "{B5A9757F-AB59-5EF0-C5F2-94450C397F8F}"
EndProject
Project("{FAE04EC0-301F-11D3-BF4B-00C04F79EFBC}") = "ClientManager.API.Tests", "ClientManager.API.Tests\ClientManager.API.Tests.csproj", "{E3A064F2-6321-173A-3FAB-3A9E791D5DB0}"
EndProject
Project("{FAE04EC0-301F-11D3-BF4B-00C04F79EFBC}") = "ClientManager.Worker", "ClientManager.Worker\ClientManager.Worker.csproj", "{E1095B65-CB7C-4831-9B87-B4A49F59C1D2}"
EndProject
Project("{FAE04EC0-301F-11D3-BF4B-00C04F79EFBC}") = "ClientManager.Shared", "ClientManager.Shared\ClientManager.Shared.csproj", "{36D67731-5770-4397-8FF6-ADF41F4DC9AB}"
EndProject
Project("{FAE04EC0-301F-11D3-BF4B-00C04F79EFBC}") = "ClientManager.Worker.Tests", "ClientManager.Worker.Tests\ClientManager.Worker.Tests.csproj", "{A614AC72-10C7-42C1-8FC6-599603E335E0}"
EndProject
Project("{FAE04EC0-301F-11D3-BF4B-00C04F79EFBC}") = "ClientManager.Shared.Tests", "ClientManager.Shared.Tests\ClientManager.Shared.Tests.csproj", "{E7128F55-A284-4F07-B41E-C48BCA0643B7}"
EndProject
Global
	GlobalSection(SolutionConfigurationPlatforms) = preSolution
		Debug|Any CPU = Debug|Any CPU
		Release|Any CPU = Release|Any CPU
	EndGlobalSection
	GlobalSection(ProjectConfigurationPlatforms) = postSolution
		{B5A9757F-AB59-5EF0-C5F2-94450C397F8F}.Debug|Any CPU.ActiveCfg = Debug|Any CPU
		{B5A9757F-AB59-5EF0-C5F2-94450C397F8F}.Debug|Any CPU.Build.0 = Debug|Any CPU
		{B5A9757F-AB59-5EF0-C5F2-94450C397F8F}.Release|Any CPU.ActiveCfg = Release|Any CPU
		{B5A9757F-AB59-5EF0-C5F2-94450C397F8F}.Release|Any CPU.Build.0 = Release|Any CPU
		{E3A064F2-6321-173A-3FAB-3A9E791D5DB0}.Debug|Any CPU.ActiveCfg = Debug|Any CPU
		{E3A064F2-6321-173A-3FAB-3A9E791D5DB0}.Debug|Any CPU.Build.0 = Debug|Any CPU
		{E3A064F2-6321-173A-3FAB-3A9E791D5DB0}.Release|Any CPU.ActiveCfg = Release|Any CPU
		{E3A064F2-6321-173A-3FAB-3A9E791D5DB0}.Release|Any CPU.Build.0 = Release|Any CPU
		{E1095B65-CB7C-4831-9B87-B4A49F59C1D2}.Debug|Any CPU.ActiveCfg = Debug|Any CPU
		{E1095B65-CB7C-4831-9B87-B4A49F59C1D2}.Debug|Any CPU.Build.0 = Debug|Any CPU
		{E1095B65-CB7C-4831-9B87-B4A49F59C1D2}.Release|Any CPU.ActiveCfg = Release|Any CPU
		{E1095B65-CB7C-4831-9B87-B4A49F59C1D2}.Release|Any CPU.Build.0 = Release|Any CPU
		{36D67731-5770-4397-8FF6-ADF41F4DC9AB}.Debug|Any CPU.ActiveCfg = Debug|Any CPU
		{36D67731-5770-4397-8FF6-ADF41F4DC9AB}.Debug|Any CPU.Build.0 = Debug|Any CPU
		{36D67731-5770-4397-8FF6-ADF41F4DC9AB}.Release|Any CPU.ActiveCfg = Release|Any CPU
		{36D67731-5770-4397-8FF6-ADF41F4DC9AB}.Release|Any CPU.Build.0 = Release|Any CPU
		{A614AC72-10C7-42C1-8FC6-599603E335E0}.Debug|Any CPU.ActiveCfg = Debug|Any CPU
		{A614AC72-10C7-42C1-8FC6-599603E335E0}.Debug|Any CPU.Build.0 = Debug|Any CPU
		{A614AC72-10C7-42C1-8FC6-599603E335E0}.Release|Any CPU.ActiveCfg = Release|Any CPU
		{A614AC72-10C7-42C1-8FC6-599603E335E0}.Release|Any CPU.Build.0 = Release|Any CPU
		{E7128F55-A284-4F07-B41E-C48BCA0643B7}.Debug|Any CPU.ActiveCfg = Debug|Any CPU
		{E7128F55-A284-4F07-B41E-C48BCA0643B7}.Debug|Any CPU.Build.0 = Debug|Any CPU
		{E7128F55-A284-4F07-B41E-C48BCA0643B7}.Release|Any CPU.ActiveCfg = Release|Any CPU
		{E7128F55-A284-4F07-B41E-C48BCA0643B7}.Release|Any CPU.Build.0 = Release|Any CPU
	EndGlobalSection
	GlobalSection(SolutionProperties) = preSolution
		HideSolutionNode = FALSE
	EndGlobalSection
	GlobalSection(ExtensibilityGlobals) = postSolution
		SolutionGuid = {CAA15F58-F84A-4318-8175-068AFF4CF063}
	EndGlobalSection
EndGlobal
